// !$*UTF8*$!
{
	archiveVersion = 1;
	classes = {
	};
	objectVersion = 48;
	objects = {

/* Begin PBXBuildFile section */
		300EA3991F7CA48C007A5856 /* AppDelegate.swift in Sources */ = {isa = PBXBuildFile; fileRef = 300EA3981F7CA48C007A5856 /* AppDelegate.swift */; };
		300EA39B1F7CA48C007A5856 /* ViewController.swift in Sources */ = {isa = PBXBuildFile; fileRef = 300EA39A1F7CA48C007A5856 /* ViewController.swift */; };
		300EA39E1F7CA48C007A5856 /* Main.storyboard in Resources */ = {isa = PBXBuildFile; fileRef = 300EA39C1F7CA48C007A5856 /* Main.storyboard */; };
		300EA3A01F7CA48C007A5856 /* Assets.xcassets in Resources */ = {isa = PBXBuildFile; fileRef = 300EA39F1F7CA48C007A5856 /* Assets.xcassets */; };
		300EA3A31F7CA48C007A5856 /* LaunchScreen.storyboard in Resources */ = {isa = PBXBuildFile; fileRef = 300EA3A11F7CA48C007A5856 /* LaunchScreen.storyboard */; };
		305C024F1F7E04E80076C982 /* Item.swift in Sources */ = {isa = PBXBuildFile; fileRef = 305C024E1F7E04E80076C982 /* Item.swift */; };
		30D2B11F1F7CA86F001F66B1 /* ImageDescriptionCard.swift in Sources */ = {isa = PBXBuildFile; fileRef = 30D2B11E1F7CA86F001F66B1 /* ImageDescriptionCard.swift */; };
		5407670DF4643CAD2DD4B096 /* Pods_raybancards.framework in Frameworks */ = {isa = PBXBuildFile; fileRef = 849670BE13A2D259027FF6EC /* Pods_raybancards.framework */; };
/* End PBXBuildFile section */

/* Begin PBXFileReference section */
		300EA3951F7CA48C007A5856 /* raybancards.app */ = {isa = PBXFileReference; explicitFileType = wrapper.application; includeInIndex = 0; path = raybancards.app; sourceTree = BUILT_PRODUCTS_DIR; };
		300EA3981F7CA48C007A5856 /* AppDelegate.swift */ = {isa = PBXFileReference; lastKnownFileType = sourcecode.swift; path = AppDelegate.swift; sourceTree = "<group>"; };
		300EA39A1F7CA48C007A5856 /* ViewController.swift */ = {isa = PBXFileReference; lastKnownFileType = sourcecode.swift; path = ViewController.swift; sourceTree = "<group>"; };
		300EA39D1F7CA48C007A5856 /* Base */ = {isa = PBXFileReference; lastKnownFileType = file.storyboard; name = Base; path = Base.lproj/Main.storyboard; sourceTree = "<group>"; };
		300EA39F1F7CA48C007A5856 /* Assets.xcassets */ = {isa = PBXFileReference; lastKnownFileType = folder.assetcatalog; path = Assets.xcassets; sourceTree = "<group>"; };
		300EA3A21F7CA48C007A5856 /* Base */ = {isa = PBXFileReference; lastKnownFileType = file.storyboard; name = Base; path = Base.lproj/LaunchScreen.storyboard; sourceTree = "<group>"; };
		300EA3A41F7CA48C007A5856 /* Info.plist */ = {isa = PBXFileReference; lastKnownFileType = text.plist.xml; path = Info.plist; sourceTree = "<group>"; };
		305C024E1F7E04E80076C982 /* Item.swift */ = {isa = PBXFileReference; lastKnownFileType = sourcecode.swift; path = Item.swift; sourceTree = "<group>"; };
		30D2B11E1F7CA86F001F66B1 /* ImageDescriptionCard.swift */ = {isa = PBXFileReference; lastKnownFileType = sourcecode.swift; path = ImageDescriptionCard.swift; sourceTree = "<group>"; };
		849670BE13A2D259027FF6EC /* Pods_raybancards.framework */ = {isa = PBXFileReference; explicitFileType = wrapper.framework; includeInIndex = 0; path = Pods_raybancards.framework; sourceTree = BUILT_PRODUCTS_DIR; };
		F037D7B00040FF6CFF1012D2 /* Pods-raybancards.release.xcconfig */ = {isa = PBXFileReference; includeInIndex = 1; lastKnownFileType = text.xcconfig; name = "Pods-raybancards.release.xcconfig"; path = "Pods/Target Support Files/Pods-raybancards/Pods-raybancards.release.xcconfig"; sourceTree = "<group>"; };
		F463F7D48294419FE7395BC8 /* Pods-raybancards.debug.xcconfig */ = {isa = PBXFileReference; includeInIndex = 1; lastKnownFileType = text.xcconfig; name = "Pods-raybancards.debug.xcconfig"; path = "Pods/Target Support Files/Pods-raybancards/Pods-raybancards.debug.xcconfig"; sourceTree = "<group>"; };
/* End PBXFileReference section */

/* Begin PBXFrameworksBuildPhase section */
		300EA3921F7CA48C007A5856 /* Frameworks */ = {
			isa = PBXFrameworksBuildPhase;
			buildActionMask = 2147483647;
			files = (
				5407670DF4643CAD2DD4B096 /* Pods_raybancards.framework in Frameworks */,
			);
			runOnlyForDeploymentPostprocessing = 0;
		};
/* End PBXFrameworksBuildPhase section */

/* Begin PBXGroup section */
		02E977C8B4F0FE20E68D1EF7 /* Frameworks */ = {
			isa = PBXGroup;
			children = (
				849670BE13A2D259027FF6EC /* Pods_raybancards.framework */,
			);
			name = Frameworks;
			sourceTree = "<group>";
		};
		300EA38C1F7CA48C007A5856 = {
			isa = PBXGroup;
			children = (
				300EA3971F7CA48C007A5856 /* raybancards */,
				300EA3961F7CA48C007A5856 /* Products */,
				BB163BA3259DC770C3333443 /* Pods */,
				02E977C8B4F0FE20E68D1EF7 /* Frameworks */,
			);
			sourceTree = "<group>";
		};
		300EA3961F7CA48C007A5856 /* Products */ = {
			isa = PBXGroup;
			children = (
				300EA3951F7CA48C007A5856 /* raybancards.app */,
			);
			name = Products;
			sourceTree = "<group>";
		};
		300EA3971F7CA48C007A5856 /* raybancards */ = {
			isa = PBXGroup;
			children = (
				305C024D1F7E04C20076C982 /* models */,
				30D2B11D1F7CA82B001F66B1 /* ui */,
				300EA3981F7CA48C007A5856 /* AppDelegate.swift */,
				300EA39A1F7CA48C007A5856 /* ViewController.swift */,
				300EA39C1F7CA48C007A5856 /* Main.storyboard */,
				300EA39F1F7CA48C007A5856 /* Assets.xcassets */,
				300EA3A11F7CA48C007A5856 /* LaunchScreen.storyboard */,
				300EA3A41F7CA48C007A5856 /* Info.plist */,
			);
			path = raybancards;
			sourceTree = "<group>";
		};
		305C024D1F7E04C20076C982 /* models */ = {
			isa = PBXGroup;
			children = (
				305C024E1F7E04E80076C982 /* Item.swift */,
			);
			path = models;
			sourceTree = "<group>";
		};
		30D2B11D1F7CA82B001F66B1 /* ui */ = {
			isa = PBXGroup;
			children = (
				30D2B11E1F7CA86F001F66B1 /* ImageDescriptionCard.swift */,
			);
			path = ui;
			sourceTree = "<group>";
		};
		BB163BA3259DC770C3333443 /* Pods */ = {
			isa = PBXGroup;
			children = (
				F463F7D48294419FE7395BC8 /* Pods-raybancards.debug.xcconfig */,
				F037D7B00040FF6CFF1012D2 /* Pods-raybancards.release.xcconfig */,
			);
			name = Pods;
			sourceTree = "<group>";
		};
/* End PBXGroup section */

/* Begin PBXNativeTarget section */
		300EA3941F7CA48C007A5856 /* raybancards */ = {
			isa = PBXNativeTarget;
			buildConfigurationList = 300EA3A71F7CA48C007A5856 /* Build configuration list for PBXNativeTarget "raybancards" */;
			buildPhases = (
				B4FC9C7DE80DB5553839B236 /* [CP] Check Pods Manifest.lock */,
				300EA3911F7CA48C007A5856 /* Sources */,
				300EA3921F7CA48C007A5856 /* Frameworks */,
				300EA3931F7CA48C007A5856 /* Resources */,
				AA15EDF2C88AEB0D9EFC88FC /* [CP] Embed Pods Frameworks */,
				3EFE768D8C177B1590609090 /* [CP] Copy Pods Resources */,
			);
			buildRules = (
			);
			dependencies = (
			);
			name = raybancards;
			productName = raybancards;
			productReference = 300EA3951F7CA48C007A5856 /* raybancards.app */;
			productType = "com.apple.product-type.application";
		};
/* End PBXNativeTarget section */

/* Begin PBXProject section */
		300EA38D1F7CA48C007A5856 /* Project object */ = {
			isa = PBXProject;
			attributes = {
				LastSwiftUpdateCheck = 0900;
				LastUpgradeCheck = 0900;
				ORGANIZATIONNAME = "Luis Ezcurdia";
				TargetAttributes = {
					300EA3941F7CA48C007A5856 = {
						CreatedOnToolsVersion = 9.0;
						ProvisioningStyle = Automatic;
					};
				};
			};
			buildConfigurationList = 300EA3901F7CA48C007A5856 /* Build configuration list for PBXProject "raybancards" */;
			compatibilityVersion = "Xcode 8.0";
			developmentRegion = en;
			hasScannedForEncodings = 0;
			knownRegions = (
				en,
				Base,
			);
			mainGroup = 300EA38C1F7CA48C007A5856;
			productRefGroup = 300EA3961F7CA48C007A5856 /* Products */;
			projectDirPath = "";
			projectRoot = "";
			targets = (
				300EA3941F7CA48C007A5856 /* raybancards */,
			);
		};
/* End PBXProject section */

/* Begin PBXResourcesBuildPhase section */
		300EA3931F7CA48C007A5856 /* Resources */ = {
			isa = PBXResourcesBuildPhase;
			buildActionMask = 2147483647;
			files = (
				300EA3A31F7CA48C007A5856 /* LaunchScreen.storyboard in Resources */,
				300EA3A01F7CA48C007A5856 /* Assets.xcassets in Resources */,
				300EA39E1F7CA48C007A5856 /* Main.storyboard in Resources */,
			);
			runOnlyForDeploymentPostprocessing = 0;
		};
/* End PBXResourcesBuildPhase section */

/* Begin PBXShellScriptBuildPhase section */
		3EFE768D8C177B1590609090 /* [CP] Copy Pods Resources */ = {
			isa = PBXShellScriptBuildPhase;
			buildActionMask = 2147483647;
			files = (
			);
			inputPaths = (
			);
			name = "[CP] Copy Pods Resources";
			outputPaths = (
			);
			runOnlyForDeploymentPostprocessing = 0;
			shellPath = /bin/sh;
			shellScript = "\"${SRCROOT}/Pods/Target Support Files/Pods-raybancards/Pods-raybancards-resources.sh\"\n";
			showEnvVarsInLog = 0;
		};
		AA15EDF2C88AEB0D9EFC88FC /* [CP] Embed Pods Frameworks */ = {
			isa = PBXShellScriptBuildPhase;
			buildActionMask = 2147483647;
			files = (
			);
			inputPaths = (
				"${SRCROOT}/Pods/Target Support Files/Pods-raybancards/Pods-raybancards-frameworks.sh",
				"${BUILT_PRODUCTS_DIR}/SnapKit/SnapKit.framework",
			);
			name = "[CP] Embed Pods Frameworks";
			outputPaths = (
				"${TARGET_BUILD_DIR}/${FRAMEWORKS_FOLDER_PATH}/SnapKit.framework",
			);
			runOnlyForDeploymentPostprocessing = 0;
			shellPath = /bin/sh;
			shellScript = "\"${SRCROOT}/Pods/Target Support Files/Pods-raybancards/Pods-raybancards-frameworks.sh\"\n";
			showEnvVarsInLog = 0;
		};
		B4FC9C7DE80DB5553839B236 /* [CP] Check Pods Manifest.lock */ = {
			isa = PBXShellScriptBuildPhase;
			buildActionMask = 2147483647;
			files = (
			);
			inputPaths = (
				"${PODS_PODFILE_DIR_PATH}/Podfile.lock",
				"${PODS_ROOT}/Manifest.lock",
			);
			name = "[CP] Check Pods Manifest.lock";
			outputPaths = (
				"$(DERIVED_FILE_DIR)/Pods-raybancards-checkManifestLockResult.txt",
			);
			runOnlyForDeploymentPostprocessing = 0;
			shellPath = /bin/sh;
			shellScript = "diff \"${PODS_PODFILE_DIR_PATH}/Podfile.lock\" \"${PODS_ROOT}/Manifest.lock\" > /dev/null\nif [ $? != 0 ] ; then\n    # print error to STDERR\n    echo \"error: The sandbox is not in sync with the Podfile.lock. Run 'pod install' or update your CocoaPods installation.\" >&2\n    exit 1\nfi\n# This output is used by Xcode 'outputs' to avoid re-running this script phase.\necho \"SUCCESS\" > \"${SCRIPT_OUTPUT_FILE_0}\"\n";
			showEnvVarsInLog = 0;
		};
/* End PBXShellScriptBuildPhase section */

/* Begin PBXSourcesBuildPhase section */
		300EA3911F7CA48C007A5856 /* Sources */ = {
			isa = PBXSourcesBuildPhase;
			buildActionMask = 2147483647;
			files = (
				300EA39B1F7CA48C007A5856 /* ViewController.swift in Sources */,
				30D2B11F1F7CA86F001F66B1 /* ImageDescriptionCard.swift in Sources */,
				300EA3991F7CA48C007A5856 /* AppDelegate.swift in Sources */,
				305C024F1F7E04E80076C982 /* Item.swift in Sources */,
			);
			runOnlyForDeploymentPostprocessing = 0;
		};
/* End PBXSourcesBuildPhase section */

/* Begin PBXVariantGroup section */
		300EA39C1F7CA48C007A5856 /* Main.storyboard */ = {
			isa = PBXVariantGroup;
			children = (
				300EA39D1F7CA48C007A5856 /* Base */,
			);
			name = Main.storyboard;
			sourceTree = "<group>";
		};
		300EA3A11F7CA48C007A5856 /* LaunchScreen.storyboard */ = {
			isa = PBXVariantGroup;
			children = (
				300EA3A21F7CA48C007A5856 /* Base */,
			);
			name = LaunchScreen.storyboard;
			sourceTree = "<group>";
		};
/* End PBXVariantGroup section */

/* Begin XCBuildConfiguration section */
		300EA3A51F7CA48C007A5856 /* Debug */ = {
			isa = XCBuildConfiguration;
			buildSettings = {
				ALWAYS_SEARCH_USER_PATHS = NO;
				CLANG_ANALYZER_NONNULL = YES;
				CLANG_ANALYZER_NUMBER_OBJECT_CONVERSION = YES_AGGRESSIVE;
				CLANG_CXX_LANGUAGE_STANDARD = "gnu++14";
				CLANG_CXX_LIBRARY = "libc++";
				CLANG_ENABLE_MODULES = YES;
				CLANG_ENABLE_OBJC_ARC = YES;
				CLANG_WARN_BLOCK_CAPTURE_AUTORELEASING = YES;
				CLANG_WARN_BOOL_CONVERSION = YES;
				CLANG_WARN_COMMA = YES;
				CLANG_WARN_CONSTANT_CONVERSION = YES;
				CLANG_WARN_DIRECT_OBJC_ISA_USAGE = YES_ERROR;
				CLANG_WARN_DOCUMENTATION_COMMENTS = YES;
				CLANG_WARN_EMPTY_BODY = YES;
				CLANG_WARN_ENUM_CONVERSION = YES;
				CLANG_WARN_INFINITE_RECURSION = YES;
				CLANG_WARN_INT_CONVERSION = YES;
				CLANG_WARN_NON_LITERAL_NULL_CONVERSION = YES;
				CLANG_WARN_OBJC_LITERAL_CONVERSION = YES;
				CLANG_WARN_OBJC_ROOT_CLASS = YES_ERROR;
				CLANG_WARN_RANGE_LOOP_ANALYSIS = YES;
				CLANG_WARN_STRICT_PROTOTYPES = YES;
				CLANG_WARN_SUSPICIOUS_MOVE = YES;
				CLANG_WARN_UNGUARDED_AVAILABILITY = YES_AGGRESSIVE;
				CLANG_WARN_UNREACHABLE_CODE = YES;
				CLANG_WARN__DUPLICATE_METHOD_MATCH = YES;
				CODE_SIGN_IDENTITY = "iPhone Developer";
				COPY_PHASE_STRIP = NO;
				DEBUG_INFORMATION_FORMAT = dwarf;
				ENABLE_STRICT_OBJC_MSGSEND = YES;
				ENABLE_TESTABILITY = YES;
				GCC_C_LANGUAGE_STANDARD = gnu11;
				GCC_DYNAMIC_NO_PIC = NO;
				GCC_NO_COMMON_BLOCKS = YES;
				GCC_OPTIMIZATION_LEVEL = 0;
				GCC_PREPROCESSOR_DEFINITIONS = (
					"DEBUG=1",
					"$(inherited)",
				);
				GCC_WARN_64_TO_32_BIT_CONVERSION = YES;
				GCC_WARN_ABOUT_RETURN_TYPE = YES_ERROR;
				GCC_WARN_UNDECLARED_SELECTOR = YES;
				GCC_WARN_UNINITIALIZED_AUTOS = YES_AGGRESSIVE;
				GCC_WARN_UNUSED_FUNCTION = YES;
				GCC_WARN_UNUSED_VARIABLE = YES;
				IPHONEOS_DEPLOYMENT_TARGET = 11.0;
				MTL_ENABLE_DEBUG_INFO = YES;
				ONLY_ACTIVE_ARCH = YES;
				SDKROOT = iphoneos;
				SWIFT_ACTIVE_COMPILATION_CONDITIONS = DEBUG;
				SWIFT_OPTIMIZATION_LEVEL = "-Onone";
			};
			name = Debug;
		};
		300EA3A61F7CA48C007A5856 /* Release */ = {
			isa = XCBuildConfiguration;
			buildSettings = {
				ALWAYS_SEARCH_USER_PATHS = NO;
				CLANG_ANALYZER_NONNULL = YES;
				CLANG_ANALYZER_NUMBER_OBJECT_CONVERSION = YES_AGGRESSIVE;
				CLANG_CXX_LANGUAGE_STANDARD = "gnu++14";
				CLANG_CXX_LIBRARY = "libc++";
				CLANG_ENABLE_MODULES = YES;
				CLANG_ENABLE_OBJC_ARC = YES;
				CLANG_WARN_BLOCK_CAPTURE_AUTORELEASING = YES;
				CLANG_WARN_BOOL_CONVERSION = YES;
				CLANG_WARN_COMMA = YES;
				CLANG_WARN_CONSTANT_CONVERSION = YES;
				CLANG_WARN_DIRECT_OBJC_ISA_USAGE = YES_ERROR;
				CLANG_WARN_DOCUMENTATION_COMMENTS = YES;
				CLANG_WARN_EMPTY_BODY = YES;
				CLANG_WARN_ENUM_CONVERSION = YES;
				CLANG_WARN_INFINITE_RECURSION = YES;
				CLANG_WARN_INT_CONVERSION = YES;
				CLANG_WARN_NON_LITERAL_NULL_CONVERSION = YES;
				CLANG_WARN_OBJC_LITERAL_CONVERSION = YES;
				CLANG_WARN_OBJC_ROOT_CLASS = YES_ERROR;
				CLANG_WARN_RANGE_LOOP_ANALYSIS = YES;
				CLANG_WARN_STRICT_PROTOTYPES = YES;
				CLANG_WARN_SUSPICIOUS_MOVE = YES;
				CLANG_WARN_UNGUARDED_AVAILABILITY = YES_AGGRESSIVE;
				CLANG_WARN_UNREACHABLE_CODE = YES;
				CLANG_WARN__DUPLICATE_METHOD_MATCH = YES;
				CODE_SIGN_IDENTITY = "iPhone Developer";
				COPY_PHASE_STRIP = NO;
				DEBUG_INFORMATION_FORMAT = "dwarf-with-dsym";
				ENABLE_NS_ASSERTIONS = NO;
				ENABLE_STRICT_OBJC_MSGSEND = YES;
				GCC_C_LANGUAGE_STANDARD = gnu11;
				GCC_NO_COMMON_BLOCKS = YES;
				GCC_WARN_64_TO_32_BIT_CONVERSION = YES;
				GCC_WARN_ABOUT_RETURN_TYPE = YES_ERROR;
				GCC_WARN_UNDECLARED_SELECTOR = YES;
				GCC_WARN_UNINITIALIZED_AUTOS = YES_AGGRESSIVE;
				GCC_WARN_UNUSED_FUNCTION = YES;
				GCC_WARN_UNUSED_VARIABLE = YES;
				IPHONEOS_DEPLOYMENT_TARGET = 11.0;
				MTL_ENABLE_DEBUG_INFO = NO;
				SDKROOT = iphoneos;
				SWIFT_OPTIMIZATION_LEVEL = "-Owholemodule";
				VALIDATE_PRODUCT = YES;
			};
			name = Release;
		};
		300EA3A81F7CA48C007A5856 /* Debug */ = {
			isa = XCBuildConfiguration;
			baseConfigurationReference = F463F7D48294419FE7395BC8 /* Pods-raybancards.debug.xcconfig */;
			buildSettings = {
				ASSETCATALOG_COMPILER_APPICON_NAME = AppIcon;
				"CODE_SIGN_IDENTITY[sdk=iphoneos*]" = "iPhone Developer";
				CODE_SIGN_STYLE = Automatic;
				DEVELOPMENT_TEAM = D3XL2U7DQC;
				INFOPLIST_FILE = raybancards/Info.plist;
				LD_RUNPATH_SEARCH_PATHS = "$(inherited) @executable_path/Frameworks";
				PRODUCT_BUNDLE_IDENTIFIER = org.ezcurdia.raybancards;
				PRODUCT_NAME = "$(TARGET_NAME)";
				PROVISIONING_PROFILE_SPECIFIER = "";
				SWIFT_VERSION = 4.0;
				TARGETED_DEVICE_FAMILY = "1,2";
			};
			name = Debug;
		};
		300EA3A91F7CA48C007A5856 /* Release */ = {
			isa = XCBuildConfiguration;
			baseConfigurationReference = F037D7B00040FF6CFF1012D2 /* Pods-raybancards.release.xcconfig */;
			buildSettings = {
				ASSETCATALOG_COMPILER_APPICON_NAME = AppIcon;
				"CODE_SIGN_IDENTITY[sdk=iphoneos*]" = "iPhone Developer";
				CODE_SIGN_STYLE = Automatic;
				DEVELOPMENT_TEAM = D3XL2U7DQC;
				INFOPLIST_FILE = raybancards/Info.plist;
				LD_RUNPATH_SEARCH_PATHS = "$(inherited) @executable_path/Frameworks";
				PRODUCT_BUNDLE_IDENTIFIER = org.ezcurdia.raybancards;
				PRODUCT_NAME = "$(TARGET_NAME)";
				PROVISIONING_PROFILE_SPECIFIER = "";
				SWIFT_VERSION = 4.0;
				TARGETED_DEVICE_FAMILY = "1,2";
			};
			name = Release;
		};
/* End XCBuildConfiguration section */

/* Begin XCConfigurationList section */
		300EA3901F7CA48C007A5856 /* Build configuration list for PBXProject "raybancards" */ = {
			isa = XCConfigurationList;
			buildConfigurations = (
				300EA3A51F7CA48C007A5856 /* Debug */,
				300EA3A61F7CA48C007A5856 /* Release */,
			);
			defaultConfigurationIsVisible = 0;
			defaultConfigurationName = Release;
		};
		300EA3A71F7CA48C007A5856 /* Build configuration list for PBXNativeTarget "raybancards" */ = {
			isa = XCConfigurationList;
			buildConfigurations = (
				300EA3A81F7CA48C007A5856 /* Debug */,
				300EA3A91F7CA48C007A5856 /* Release */,
			);
			defaultConfigurationIsVisible = 0;
			defaultConfigurationName = Release;
		};
/* End XCConfigurationList section */
	};
	rootObject = 300EA38D1F7CA48C007A5856 /* Project object */;
}
