// !$*UTF8*$!
{
	archiveVersion = 1;
	classes = {
	};
	objectVersion = 48;
	objects = {

/* Begin PBXBuildFile section */
		300EA3991F7CA48C007A5856 /* AppDelegate.swift in Sources */ = {isa = PBXBuildFile; fileRef = 300EA3981F7CA48C007A5856 /* AppDelegate.swift */; };
		300EA39B1F7CA48C007A5856 /* ViewController.swift in Sources */ = {isa = PBXBuildFile; fileRef = 300EA39A1F7CA48C007A5856 /* ViewController.swift */; };
		300EA39E1F7CA48C007A5856 /* Main.storyboard in Resources */ = {isa = PBXBuildFile; fileRef = 300EA39C1F7CA48C007A5856 /* Main.storyboard */; };
		300EA3A01F7CA48C007A5856 /* Assets.xcassets in Resources */ = {isa = PBXBuildFile; fileRef = 300EA39F1F7CA48C007A5856 /* Assets.xcassets */; };
		300EA3A31F7CA48C007A5856 /* LaunchScreen.storyboard in Resources */ = {isa = PBXBuildFile; fileRef = 300EA3A11F7CA48C007A5856 /* LaunchScreen.storyboard */; };
/* End PBXBuildFile section */

/* Begin PBXFileReference section */
		300EA3951F7CA48C007A5856 /* raybancards.app */ = {isa = PBXFileReference; explicitFileType = wrapper.application; includeInIndex = 0; path = raybancards.app; sourceTree = BUILT_PRODUCTS_DIR; };
		300EA3981F7CA48C007A5856 /* AppDelegate.swift */ = {isa = PBXFileReference; lastKnownFileType = sourcecode.swift; path = AppDelegate.swift; sourceTree = "<group>"; };
		300EA39A1F7CA48C007A5856 /* ViewController.swift */ = {isa = PBXFileReference; lastKnownFileType = sourcecode.swift; path = ViewController.swift; sourceTree = "<group>"; };
		300EA39D1F7CA48C007A5856 /* Base */ = {isa = PBXFileReference; lastKnownFileType = file.storyboard; name = Base; path = Base.lproj/Main.storyboard; sourceTree = "<group>"; };
		300EA39F1F7CA48C007A5856 /* Assets.xcassets */ = {isa = PBXFileReference; lastKnownFileType = folder.assetcatalog; path = Assets.xcassets; sourceTree = "<group>"; };
		300EA3A21F7CA48C007A5856 /* Base */ = {isa = PBXFileReference; lastKnownFileType = file.storyboard; name = Base; path = Base.lproj/LaunchScreen.storyboard; sourceTree = "<group>"; };
		300EA3A41F7CA48C007A5856 /* Info.plist */ = {isa = PBXFileReference; lastKnownFileType = text.plist.xml; path = Info.plist; sourceTree = "<group>"; };
/* End PBXFileReference section */

/* Begin PBXFrameworksBuildPhase section */
		300EA3921F7CA48C007A5856 /* Frameworks */ = {
			isa = PBXFrameworksBuildPhase;
			buildActionMask = 2147483647;
			files = (
			);
			runOnlyForDeploymentPostprocessing = 0;
		};
/* End PBXFrameworksBuildPhase section */

/* Begin PBXGroup section */
		300EA38C1F7CA48C007A5856 = {
			isa = PBXGroup;
			children = (
				300EA3971F7CA48C007A5856 /* raybancards */,
				300EA3961F7CA48C007A5856 /* Products */,
			);
			sourceTree = "<group>";
		};
		300EA3961F7CA48C007A5856 /* Products */ = {
			isa = PBXGroup;
			children = (
				300EA3951F7CA48C007A5856 /* raybancards.app */,
			);
			name = Products;
			sourceTree = "<group>";
		};
		300EA3971F7CA48C007A5856 /* raybancards */ = {
			isa = PBXGroup;
			children = (
				300EA3981F7CA48C007A5856 /* AppDelegate.swift */,
				300EA39A1F7CA48C007A5856 /* ViewController.swift */,
				300EA39C1F7CA48C007A5856 /* Main.storyboard */,
				300EA39F1F7CA48C007A5856 /* Assets.xcassets */,
				300EA3A11F7CA48C007A5856 /* LaunchScreen.storyboard */,
				300EA3A41F7CA48C007A5856 /* Info.plist */,
			);
			path = raybancards;
			sourceTree = "<group>";
		};
/* End PBXGroup section */

/* Begin PBXNativeTarget section */
		300EA3941F7CA48C007A5856 /* raybancards */ = {
			isa = PBXNativeTarget;
			buildConfigurationList = 300EA3A71F7CA48C007A5856 /* Build configuration list for PBXNativeTarget "raybancards" */;
			buildPhases = (
				300EA3911F7CA48C007A5856 /* Sources */,
				300EA3921F7CA48C007A5856 /* Frameworks */,
				300EA3931F7CA48C007A5856 /* Resources */,
			);
			buildRules = (
			);
			dependencies = (
			);
			name = raybancards;
			productName = raybancards;
			productReference = 300EA3951F7CA48C007A5856 /* raybancards.app */;
			productType = "com.apple.product-type.application";
		};
/* End PBXNativeTarget section */

/* Begin PBXProject section */
		300EA38D1F7CA48C007A5856 /* Project object */ = {
			isa = PBXProject;
			attributes = {
				LastSwiftUpdateCheck = 0900;
				LastUpgradeCheck = 0900;
				ORGANIZATIONNAME = "Luis Ezcurdia";
				TargetAttributes = {
					300EA3941F7CA48C007A5856 = {
						CreatedOnToolsVersion = 9.0;
						ProvisioningStyle = Automatic;
					};
				};
			};
			buildConfigurationList = 300EA3901F7CA48C007A5856 /* Build configuration list for PBXProject "raybancards" */;
			compatibilityVersion = "Xcode 8.0";
			developmentRegion = en;
			hasScannedForEncodings = 0;
			knownRegions = (
				en,
				Base,
			);
			mainGroup = 300EA38C1F7CA48C007A5856;
			productRefGroup = 300EA3961F7CA48C007A5856 /* Products */;
			projectDirPath = "";
			projectRoot = "";
			targets = (
				300EA3941F7CA48C007A5856 /* raybancards */,
			);
		};
/* End PBXProject section */

/* Begin PBXResourcesBuildPhase section */
		300EA3931F7CA48C007A5856 /* Resources */ = {
			isa = PBXResourcesBuildPhase;
			buildActionMask = 2147483647;
			files = (
				300EA3A31F7CA48C007A5856 /* LaunchScreen.storyboard in Resources */,
				300EA3A01F7CA48C007A5856 /* Assets.xcassets in Resources */,
				300EA39E1F7CA48C007A5856 /* Main.storyboard in Resources */,
			);
			runOnlyForDeploymentPostprocessing = 0;
		};
/* End PBXResourcesBuildPhase section */

/* Begin PBXSourcesBuildPhase section */
		300EA3911F7CA48C007A5856 /* Sources */ = {
			isa = PBXSourcesBuildPhase;
			buildActionMask = 2147483647;
			files = (
				300EA39B1F7CA48C007A5856 /* ViewController.swift in Sources */,
				300EA3991F7CA48C007A5856 /* AppDelegate.swift in Sources */,
			);
			runOnlyForDeploymentPostprocessing = 0;
		};
/* End PBXSourcesBuildPhase section */

/* Begin PBXVariantGroup section */
		300EA39C1F7CA48C007A5856 /* Main.storyboard */ = {
			isa = PBXVariantGroup;
			children = (
				300EA39D1F7CA48C007A5856 /* Base */,
			);
			name = Main.storyboard;
			sourceTree = "<group>";
		};
		300EA3A11F7CA48C007A5856 /* LaunchScreen.storyboard */ = {
			isa = PBXVariantGroup;
			children = (
				300EA3A21F7CA48C007A5856 /* Base */,
			);
			name = LaunchScreen.storyboard;
			sourceTree = "<group>";
		};
/* End PBXVariantGroup section */

/* Begin XCBuildConfiguration section */
		300EA3A51F7CA48C007A5856 /* Debug */ = {
			isa = XCBuildConfiguration;
			buildSettings = {
				ALWAYS_SEARCH_USER_PATHS = NO;
				CLANG_ANALYZER_NONNULL = YES;
				CLANG_ANALYZER_NUMBER_OBJECT_CONVERSION = YES_AGGRESSIVE;
				CLANG_CXX_LANGUAGE_STANDARD = "gnu++14";
				CLANG_CXX_LIBRARY = "libc++";
				CLANG_ENABLE_MODULES = YES;
				CLANG_ENABLE_OBJC_ARC = YES;
				CLANG_WARN_BLOCK_CAPTURE_AUTORELEASING = YES;
				CLANG_WARN_BOOL_CONVERSION = YES;
				CLANG_WARN_COMMA = YES;
				CLANG_WARN_CONSTANT_CONVERSION = YES;
				CLANG_WARN_DIRECT_OBJC_ISA_USAGE = YES_ERROR;
				CLANG_WARN_DOCUMENTATION_COMMENTS = YES;
				CLANG_WARN_EMPTY_BODY = YES;
				CLANG_WARN_ENUM_CONVERSION = YES;
				CLANG_WARN_INFINITE_RECURSION = YES;
				CLANG_WARN_INT_CONVERSION = YES;
				CLANG_WARN_NON_LITERAL_NULL_CONVERSION = YES;
				CLANG_WARN_OBJC_LITERAL_CONVERSION = YES;
				CLANG_WARN_OBJC_ROOT_CLASS = YES_ERROR;
				CLANG_WARN_RANGE_LOOP_ANALYSIS = YES;
				CLANG_WARN_STRICT_PROTOTYPES = YES;
				CLANG_WARN_SUSPICIOUS_MOVE = YES;
				CLANG_WARN_UNGUARDED_AVAILABILITY = YES_AGGRESSIVE;
				CLANG_WARN_UNREACHABLE_CODE = YES;
				CLANG_WARN__DUPLICATE_METHOD_MATCH = YES;
				CODE_SIGN_IDENTITY = "iPhone Developer";
				COPY_PHASE_STRIP = NO;
				DEBUG_INFORMATION_FORMAT = dwarf;
				ENABLE_STRICT_OBJC_MSGSEND = YES;
				ENABLE_TESTABILITY = YES;
				GCC_C_LANGUAGE_STANDARD = gnu11;
				GCC_DYNAMIC_NO_PIC = NO;
				GCC_NO_COMMON_BLOCKS = YES;
				GCC_OPTIMIZATION_LEVEL = 0;
				GCC_PREPROCESSOR_DEFINITIONS = (
					"DEBUG=1",
					"$(inherited)",
				);
				GCC_WARN_64_TO_32_BIT_CONVERSION = YES;
				GCC_WARN_ABOUT_RETURN_TYPE = YES_ERROR;
				GCC_WARN_UNDECLARED_SELECTOR = YES;
				GCC_WARN_UNINITIALIZED_AUTOS = YES_AGGRESSIVE;
				GCC_WARN_UNUSED_FUNCTION = YES;
				GCC_WARN_UNUSED_VARIABLE = YES;
				IPHONEOS_DEPLOYMENT_TARGET = 11.0;
				MTL_ENABLE_DEBUG_INFO = YES;
				ONLY_ACTIVE_ARCH = YES;
				SDKROOT = iphoneos;
				SWIFT_ACTIVE_COMPILATION_CONDITIONS = DEBUG;
				SWIFT_OPTIMIZATION_LEVEL = "-Onone";
			};
			name = Debug;
		};
		300EA3A61F7CA48C007A5856 /* Release */ = {
			isa = XCBuildConfiguration;
			buildSettings = {
				ALWAYS_SEARCH_USER_PATHS = NO;
				CLANG_ANALYZER_NONNULL = YES;
				CLANG_ANALYZER_NUMBER_OBJECT_CONVERSION = YES_AGGRESSIVE;
				CLANG_CXX_LANGUAGE_STANDARD = "gnu++14";
				CLANG_CXX_LIBRARY = "libc++";
				CLANG_ENABLE_MODULES = YES;
				CLANG_ENABLE_OBJC_ARC = YES;
				CLANG_WARN_BLOCK_CAPTURE_AUTORELEASING = YES;
				CLANG_WARN_BOOL_CONVERSION = YES;
				CLANG_WARN_COMMA = YES;
				CLANG_WARN_CONSTANT_CONVERSION = YES;
				CLANG_WARN_DIRECT_OBJC_ISA_USAGE = YES_ERROR;
				CLANG_WARN_DOCUMENTATION_COMMENTS = YES;
				CLANG_WARN_EMPTY_BODY = YES;
				CLANG_WARN_ENUM_CONVERSION = YES;
				CLANG_WARN_INFINITE_RECURSION = YES;
				CLANG_WARN_INT_CONVERSION = YES;
				CLANG_WARN_NON_LITERAL_NULL_CONVERSION = YES;
				CLANG_WARN_OBJC_LITERAL_CONVERSION = YES;
				CLANG_WARN_OBJC_ROOT_CLASS = YES_ERROR;
				CLANG_WARN_RANGE_LOOP_ANALYSIS = YES;
				CLANG_WARN_STRICT_PROTOTYPES = YES;
				CLANG_WARN_SUSPICIOUS_MOVE = YES;
				CLANG_WARN_UNGUARDED_AVAILABILITY = YES_AGGRESSIVE;
				CLANG_WARN_UNREACHABLE_CODE = YES;
				CLANG_WARN__DUPLICATE_METHOD_MATCH = YES;
				CODE_SIGN_IDENTITY = "iPhone Developer";
				COPY_PHASE_STRIP = NO;
				DEBUG_INFORMATION_FORMAT = "dwarf-with-dsym";
				ENABLE_NS_ASSERTIONS = NO;
				ENABLE_STRICT_OBJC_MSGSEND = YES;
				GCC_C_LANGUAGE_STANDARD = gnu11;
				GCC_NO_COMMON_BLOCKS = YES;
				GCC_WARN_64_TO_32_BIT_CONVERSION = YES;
				GCC_WARN_ABOUT_RETURN_TYPE = YES_ERROR;
				GCC_WARN_UNDECLARED_SELECTOR = YES;
				GCC_WARN_UNINITIALIZED_AUTOS = YES_AGGRESSIVE;
				GCC_WARN_UNUSED_FUNCTION = YES;
				GCC_WARN_UNUSED_VARIABLE = YES;
				IPHONEOS_DEPLOYMENT_TARGET = 11.0;
				MTL_ENABLE_DEBUG_INFO = NO;
				SDKROOT = iphoneos;
				SWIFT_OPTIMIZATION_LEVEL = "-Owholemodule";
				VALIDATE_PRODUCT = YES;
			};
			name = Release;
		};
		300EA3A81F7CA48C007A5856 /* Debug */ = {
			isa = XCBuildConfiguration;
			buildSettings = {
				ASSETCATALOG_COMPILER_APPICON_NAME = AppIcon;
				CODE_SIGN_STYLE = Automatic;
				DEVELOPMENT_TEAM = D3XL2U7DQC;
				INFOPLIST_FILE = raybancards/Info.plist;
				LD_RUNPATH_SEARCH_PATHS = "$(inherited) @executable_path/Frameworks";
				PRODUCT_BUNDLE_IDENTIFIER = org.ezcurdia.raybancards;
				PRODUCT_NAME = "$(TARGET_NAME)";
				SWIFT_VERSION = 4.0;
				TARGETED_DEVICE_FAMILY = "1,2";
			};
			name = Debug;
		};
		300EA3A91F7CA48C007A5856 /* Release */ = {
			isa = XCBuildConfiguration;
			buildSettings = {
				ASSETCATALOG_COMPILER_APPICON_NAME = AppIcon;
				CODE_SIGN_STYLE = Automatic;
				DEVELOPMENT_TEAM = D3XL2U7DQC;
				INFOPLIST_FILE = raybancards/Info.plist;
				LD_RUNPATH_SEARCH_PATHS = "$(inherited) @executable_path/Frameworks";
				PRODUCT_BUNDLE_IDENTIFIER = org.ezcurdia.raybancards;
				PRODUCT_NAME = "$(TARGET_NAME)";
				SWIFT_VERSION = 4.0;
				TARGETED_DEVICE_FAMILY = "1,2";
			};
			name = Release;
		};
/* End XCBuildConfiguration section */

/* Begin XCConfigurationList section */
		300EA3901F7CA48C007A5856 /* Build configuration list for PBXProject "raybancards" */ = {
			isa = XCConfigurationList;
			buildConfigurations = (
				300EA3A51F7CA48C007A5856 /* Debug */,
				300EA3A61F7CA48C007A5856 /* Release */,
			);
			defaultConfigurationIsVisible = 0;
			defaultConfigurationName = Release;
		};
		300EA3A71F7CA48C007A5856 /* Build configuration list for PBXNativeTarget "raybancards" */ = {
			isa = XCConfigurationList;
			buildConfigurations = (
				300EA3A81F7CA48C007A5856 /* Debug */,
				300EA3A91F7CA48C007A5856 /* Release */,
			);
			defaultConfigurationIsVisible = 0;
			defaultConfigurationName = Release;
		};
/* End XCConfigurationList section */
	};
	rootObject = 300EA38D1F7CA48C007A5856 /* Project object */;
}
